
Microsoft Visual Studio Solution File, Format Version 12.00
# Visual Studio Version 17
VisualStudioVersion = 17.8.34330.188
MinimumVisualStudioVersion = 10.0.40219.1
Project("{FAE04EC0-301F-11D3-BF4B-00C04F79EFBC}") = "tra.osi", "tra.osi.csproj", "{9CBCEBBB-7694-475F-8F8D-A9EE3196DE65}"
EndProject
Global
	GlobalSection(SolutionConfigurationPlatforms) = preSolution
		Debug|Any CPU = Debug|Any CPU
		Release|Any CPU = Release|Any CPU
	EndGlobalSection
	GlobalSection(ProjectConfigurationPlatforms) = postSolution
		{9CBCEBBB-7694-475F-8F8D-A9EE3196DE65}.Debug|Any CPU.ActiveCfg = Debug|Any CPU
		{9CBCEBBB-7694-475F-8F8D-A9EE3196DE65}.Debug|Any CPU.Build.0 = Debug|Any CPU
		{9CBCEBBB-7694-475F-8F8D-A9EE3196DE65}.Release|Any CPU.ActiveCfg = Release|Any CPU
		{9CBCEBBB-7694-475F-8F8D-A9EE3196DE65}.Release|Any CPU.Build.0 = Release|Any CPU
	EndGlobalSection
	GlobalSection(SolutionProperties) = preSolution
		HideSolutionNode = FALSE
	EndGlobalSection
	GlobalSection(ExtensibilityGlobals) = postSolution
		SolutionGuid = {0729399E-7136-45E0-B987-7C7483B61074}
	EndGlobalSection
EndGlobal
